
Microsoft Visual Studio Solution File, Format Version 12.00
# Visual Studio Version 16
VisualStudioVersion = 16.0.31515.178
MinimumVisualStudioVersion = 10.0.40219.1
Project("{FC65038C-1B2F-41E1-A629-BED71D161FFF}") = "PKR_SalesIntegration (USR) [PKR_BusEvent]", "PKR_SalesIntegration\PKR_SalesIntegration.rnrproj", "{BE098F71-A20D-49AA-A3F5-4058F9E5A140}"
EndProject
Global
	GlobalSection(SolutionConfigurationPlatforms) = preSolution
		Debug|Any CPU = Debug|Any CPU
	EndGlobalSection
	GlobalSection(ProjectConfigurationPlatforms) = postSolution
		{BE098F71-A20D-49AA-A3F5-4058F9E5A140}.Debug|Any CPU.ActiveCfg = Debug|Any CPU
		{BE098F71-A20D-49AA-A3F5-4058F9E5A140}.Debug|Any CPU.Build.0 = Debug|Any CPU
	EndGlobalSection
	GlobalSection(SolutionProperties) = preSolution
		HideSolutionNode = FALSE
	EndGlobalSection
	GlobalSection(ExtensibilityGlobals) = postSolution
		SolutionGuid = {F8BF594B-A918-41AA-85DC-98610CC76128}
	EndGlobalSection
EndGlobal
