
Microsoft Visual Studio Solution File, Format Version 12.00
# Visual Studio Version 16
VisualStudioVersion = 16.0.31515.178
MinimumVisualStudioVersion = 10.0.40219.1
Project("{FC65038C-1B2F-41E1-A629-BED71D161FFF}") = "PKR_PurchPurchaseOrder (USR) [PKR_BusEvent]", "PKR_PurchPurchaseOrder\PKR_PurchPurchaseOrder.rnrproj", "{2715E484-E83C-46D1-BCA5-739A2A73EBD7}"
EndProject
Global
	GlobalSection(SolutionConfigurationPlatforms) = preSolution
		Debug|Any CPU = Debug|Any CPU
	EndGlobalSection
	GlobalSection(ProjectConfigurationPlatforms) = postSolution
		{2715E484-E83C-46D1-BCA5-739A2A73EBD7}.Debug|Any CPU.ActiveCfg = Debug|Any CPU
		{2715E484-E83C-46D1-BCA5-739A2A73EBD7}.Debug|Any CPU.Build.0 = Debug|Any CPU
	EndGlobalSection
	GlobalSection(SolutionProperties) = preSolution
		HideSolutionNode = FALSE
	EndGlobalSection
	GlobalSection(ExtensibilityGlobals) = postSolution
		SolutionGuid = {90045CB6-3BE9-497C-8A1F-AF4C9F2C0EDA}
	EndGlobalSection
EndGlobal
